
Microsoft Visual Studio Solution File, Format Version 12.00
# Visual Studio Version 16
VisualStudioVersion = 16.0.30413.136
MinimumVisualStudioVersion = 10.0.40219.1
Project("{FAE04EC0-301F-11D3-BF4B-00C04F79EFBC}") = "GraLogiczna", "GraLogiczna\GraLogiczna.csproj", "{78C1D5DE-0180-4857-8C78-868FEFA3CC9B}"
EndProject
Global
	GlobalSection(SolutionConfigurationPlatforms) = preSolution
		Debug|Any CPU = Debug|Any CPU
		Release|Any CPU = Release|Any CPU
	EndGlobalSection
	GlobalSection(ProjectConfigurationPlatforms) = postSolution
		{78C1D5DE-0180-4857-8C78-868FEFA3CC9B}.Debug|Any CPU.ActiveCfg = Debug|Any CPU
		{78C1D5DE-0180-4857-8C78-868FEFA3CC9B}.Debug|Any CPU.Build.0 = Debug|Any CPU
		{78C1D5DE-0180-4857-8C78-868FEFA3CC9B}.Release|Any CPU.ActiveCfg = Release|Any CPU
		{78C1D5DE-0180-4857-8C78-868FEFA3CC9B}.Release|Any CPU.Build.0 = Release|Any CPU
	EndGlobalSection
	GlobalSection(SolutionProperties) = preSolution
		HideSolutionNode = FALSE
	EndGlobalSection
	GlobalSection(ExtensibilityGlobals) = postSolution
		SolutionGuid = {9177AA15-E2BF-4B2C-9CBF-950DA5CB6619}
	EndGlobalSection
EndGlobal
